// !$*UTF8*$!
{
	archiveVersion = 1;
	classes = {
	};
	objectVersion = 56;
	objects = {

/* Begin PBXBuildFile section */
		CE4F73862BA9B78400E927B4 /* AppDelegate.swift in Sources */ = {isa = PBXBuildFile; fileRef = CE4F73852BA9B78400E927B4 /* AppDelegate.swift */; };
		CE4F73882BA9B78400E927B4 /* SceneDelegate.swift in Sources */ = {isa = PBXBuildFile; fileRef = CE4F73872BA9B78400E927B4 /* SceneDelegate.swift */; };
		CE4F738D2BA9B78400E927B4 /* Main.storyboard in Resources */ = {isa = PBXBuildFile; fileRef = CE4F738B2BA9B78400E927B4 /* Main.storyboard */; };
		CE4F738F2BA9B78500E927B4 /* Assets.xcassets in Resources */ = {isa = PBXBuildFile; fileRef = CE4F738E2BA9B78500E927B4 /* Assets.xcassets */; };
		CE4F73922BA9B78500E927B4 /* LaunchScreen.storyboard in Resources */ = {isa = PBXBuildFile; fileRef = CE4F73902BA9B78500E927B4 /* LaunchScreen.storyboard */; };
		CE4F739E2BA9B7F900E927B4 /* MainViewController.swift in Sources */ = {isa = PBXBuildFile; fileRef = CE4F739D2BA9B7F900E927B4 /* MainViewController.swift */; };
		CE4F73A02BA9BAEB00E927B4 /* SignInViewController.swift in Sources */ = {isa = PBXBuildFile; fileRef = CE4F739F2BA9BAEB00E927B4 /* SignInViewController.swift */; };
		CE4F73A42BA9BF4C00E927B4 /* SignInModel.swift in Sources */ = {isa = PBXBuildFile; fileRef = CE4F73A32BA9BF4C00E927B4 /* SignInModel.swift */; };
		CE4F73A72BA9C59900E927B4 /* TextValidator.swift in Sources */ = {isa = PBXBuildFile; fileRef = CE4F73A62BA9C59900E927B4 /* TextValidator.swift */; };
		CE4F73A92BA9C5D200E927B4 /* TextType.swift in Sources */ = {isa = PBXBuildFile; fileRef = CE4F73A82BA9C5D200E927B4 /* TextType.swift */; };
		CE4F73AD2BA9C6A200E927B4 /* SignInModelDelegate.swift in Sources */ = {isa = PBXBuildFile; fileRef = CE4F73AC2BA9C6A200E927B4 /* SignInModelDelegate.swift */; };
		CE4F73AF2BA9C7DC00E927B4 /* TextStyle.swift in Sources */ = {isa = PBXBuildFile; fileRef = CE4F73AE2BA9C7DC00E927B4 /* TextStyle.swift */; };
/* End PBXBuildFile section */

/* Begin PBXFileReference section */
		CE4F73822BA9B78400E927B4 /* HomeWork9.app */ = {isa = PBXFileReference; explicitFileType = wrapper.application; includeInIndex = 0; path = HomeWork9.app; sourceTree = BUILT_PRODUCTS_DIR; };
		CE4F73852BA9B78400E927B4 /* AppDelegate.swift */ = {isa = PBXFileReference; lastKnownFileType = sourcecode.swift; path = AppDelegate.swift; sourceTree = "<group>"; };
		CE4F73872BA9B78400E927B4 /* SceneDelegate.swift */ = {isa = PBXFileReference; lastKnownFileType = sourcecode.swift; path = SceneDelegate.swift; sourceTree = "<group>"; };
		CE4F738C2BA9B78400E927B4 /* Base */ = {isa = PBXFileReference; lastKnownFileType = file.storyboard; name = Base; path = Base.lproj/Main.storyboard; sourceTree = "<group>"; };
		CE4F738E2BA9B78500E927B4 /* Assets.xcassets */ = {isa = PBXFileReference; lastKnownFileType = folder.assetcatalog; path = Assets.xcassets; sourceTree = "<group>"; };
		CE4F73912BA9B78500E927B4 /* Base */ = {isa = PBXFileReference; lastKnownFileType = file.storyboard; name = Base; path = Base.lproj/LaunchScreen.storyboard; sourceTree = "<group>"; };
		CE4F73932BA9B78500E927B4 /* Info.plist */ = {isa = PBXFileReference; lastKnownFileType = text.plist.xml; path = Info.plist; sourceTree = "<group>"; };
		CE4F739D2BA9B7F900E927B4 /* MainViewController.swift */ = {isa = PBXFileReference; lastKnownFileType = sourcecode.swift; path = MainViewController.swift; sourceTree = "<group>"; };
		CE4F739F2BA9BAEB00E927B4 /* SignInViewController.swift */ = {isa = PBXFileReference; lastKnownFileType = sourcecode.swift; path = SignInViewController.swift; sourceTree = "<group>"; };
		CE4F73A32BA9BF4C00E927B4 /* SignInModel.swift */ = {isa = PBXFileReference; lastKnownFileType = sourcecode.swift; path = SignInModel.swift; sourceTree = "<group>"; };
		CE4F73A62BA9C59900E927B4 /* TextValidator.swift */ = {isa = PBXFileReference; lastKnownFileType = sourcecode.swift; path = TextValidator.swift; sourceTree = "<group>"; };
		CE4F73A82BA9C5D200E927B4 /* TextType.swift */ = {isa = PBXFileReference; lastKnownFileType = sourcecode.swift; path = TextType.swift; sourceTree = "<group>"; };
		CE4F73AC2BA9C6A200E927B4 /* SignInModelDelegate.swift */ = {isa = PBXFileReference; lastKnownFileType = sourcecode.swift; path = SignInModelDelegate.swift; sourceTree = "<group>"; };
		CE4F73AE2BA9C7DC00E927B4 /* TextStyle.swift */ = {isa = PBXFileReference; lastKnownFileType = sourcecode.swift; path = TextStyle.swift; sourceTree = "<group>"; };
/* End PBXFileReference section */

/* Begin PBXFrameworksBuildPhase section */
		CE4F737F2BA9B78400E927B4 /* Frameworks */ = {
			isa = PBXFrameworksBuildPhase;
			buildActionMask = 2147483647;
			files = (
			);
			runOnlyForDeploymentPostprocessing = 0;
		};
/* End PBXFrameworksBuildPhase section */

/* Begin PBXGroup section */
		CE4F73792BA9B78400E927B4 = {
			isa = PBXGroup;
			children = (
				CE4F73842BA9B78400E927B4 /* HomeWork9 */,
				CE4F73832BA9B78400E927B4 /* Products */,
			);
			sourceTree = "<group>";
		};
		CE4F73832BA9B78400E927B4 /* Products */ = {
			isa = PBXGroup;
			children = (
				CE4F73822BA9B78400E927B4 /* HomeWork9.app */,
			);
			name = Products;
			sourceTree = "<group>";
		};
		CE4F73842BA9B78400E927B4 /* HomeWork9 */ = {
			isa = PBXGroup;
			children = (
				CE4F73992BA9B7A300E927B4 /* Source */,
				CE4F739A2BA9B7AC00E927B4 /* Resource */,
			);
			path = HomeWork9;
			sourceTree = "<group>";
		};
		CE4F73992BA9B7A300E927B4 /* Source */ = {
			isa = PBXGroup;
			children = (
				CE4F73A52BA9C58000E927B4 /* Common */,
				CE4F739B2BA9B7C600E927B4 /* AppDelegate */,
				CE4F739C2BA9B7D400E927B4 /* Screen */,
			);
			path = Source;
			sourceTree = "<group>";
		};
		CE4F739A2BA9B7AC00E927B4 /* Resource */ = {
			isa = PBXGroup;
			children = (
				CE4F738B2BA9B78400E927B4 /* Main.storyboard */,
				CE4F738E2BA9B78500E927B4 /* Assets.xcassets */,
				CE4F73902BA9B78500E927B4 /* LaunchScreen.storyboard */,
				CE4F73932BA9B78500E927B4 /* Info.plist */,
			);
			path = Resource;
			sourceTree = "<group>";
		};
		CE4F739B2BA9B7C600E927B4 /* AppDelegate */ = {
			isa = PBXGroup;
			children = (
				CE4F73852BA9B78400E927B4 /* AppDelegate.swift */,
				CE4F73872BA9B78400E927B4 /* SceneDelegate.swift */,
			);
			path = AppDelegate;
			sourceTree = "<group>";
		};
		CE4F739C2BA9B7D400E927B4 /* Screen */ = {
			isa = PBXGroup;
			children = (
				CE4F73A22BA9BF3600E927B4 /* Main */,
				CE4F73A12BA9BF0900E927B4 /* SignIn */,
			);
			path = Screen;
			sourceTree = "<group>";
		};
		CE4F73A12BA9BF0900E927B4 /* SignIn */ = {
			isa = PBXGroup;
			children = (
				CE4F739F2BA9BAEB00E927B4 /* SignInViewController.swift */,
				CE4F73A32BA9BF4C00E927B4 /* SignInModel.swift */,
				CE4F73AC2BA9C6A200E927B4 /* SignInModelDelegate.swift */,
			);
			path = SignIn;
			sourceTree = "<group>";
		};
		CE4F73A22BA9BF3600E927B4 /* Main */ = {
			isa = PBXGroup;
			children = (
				CE4F739D2BA9B7F900E927B4 /* MainViewController.swift */,
			);
			path = Main;
			sourceTree = "<group>";
		};
		CE4F73A52BA9C58000E927B4 /* Common */ = {
			isa = PBXGroup;
			children = (
				CE4F73A62BA9C59900E927B4 /* TextValidator.swift */,
				CE4F73A82BA9C5D200E927B4 /* TextType.swift */,
				CE4F73AE2BA9C7DC00E927B4 /* TextStyle.swift */,
			);
			path = Common;
			sourceTree = "<group>";
		};
/* End PBXGroup section */

/* Begin PBXNativeTarget section */
		CE4F73812BA9B78400E927B4 /* HomeWork9 */ = {
			isa = PBXNativeTarget;
			buildConfigurationList = CE4F73962BA9B78500E927B4 /* Build configuration list for PBXNativeTarget "HomeWork9" */;
			buildPhases = (
				CE4F737E2BA9B78400E927B4 /* Sources */,
				CE4F737F2BA9B78400E927B4 /* Frameworks */,
				CE4F73802BA9B78400E927B4 /* Resources */,
			);
			buildRules = (
			);
			dependencies = (
			);
			name = HomeWork9;
			productName = HomeWork9;
			productReference = CE4F73822BA9B78400E927B4 /* HomeWork9.app */;
			productType = "com.apple.product-type.application";
		};
/* End PBXNativeTarget section */

/* Begin PBXProject section */
		CE4F737A2BA9B78400E927B4 /* Project object */ = {
			isa = PBXProject;
			attributes = {
				BuildIndependentTargetsInParallel = 1;
				LastSwiftUpdateCheck = 1500;
				LastUpgradeCheck = 1500;
				TargetAttributes = {
					CE4F73812BA9B78400E927B4 = {
						CreatedOnToolsVersion = 15.0;
					};
				};
			};
			buildConfigurationList = CE4F737D2BA9B78400E927B4 /* Build configuration list for PBXProject "HomeWork9" */;
			compatibilityVersion = "Xcode 14.0";
			developmentRegion = en;
			hasScannedForEncodings = 0;
			knownRegions = (
				en,
				Base,
			);
			mainGroup = CE4F73792BA9B78400E927B4;
			productRefGroup = CE4F73832BA9B78400E927B4 /* Products */;
			projectDirPath = "";
			projectRoot = "";
			targets = (
				CE4F73812BA9B78400E927B4 /* HomeWork9 */,
			);
		};
/* End PBXProject section */

/* Begin PBXResourcesBuildPhase section */
		CE4F73802BA9B78400E927B4 /* Resources */ = {
			isa = PBXResourcesBuildPhase;
			buildActionMask = 2147483647;
			files = (
				CE4F73922BA9B78500E927B4 /* LaunchScreen.storyboard in Resources */,
				CE4F738F2BA9B78500E927B4 /* Assets.xcassets in Resources */,
				CE4F738D2BA9B78400E927B4 /* Main.storyboard in Resources */,
			);
			runOnlyForDeploymentPostprocessing = 0;
		};
/* End PBXResourcesBuildPhase section */

/* Begin PBXSourcesBuildPhase section */
		CE4F737E2BA9B78400E927B4 /* Sources */ = {
			isa = PBXSourcesBuildPhase;
			buildActionMask = 2147483647;
			files = (
				CE4F73AF2BA9C7DC00E927B4 /* TextStyle.swift in Sources */,
				CE4F73A02BA9BAEB00E927B4 /* SignInViewController.swift in Sources */,
				CE4F739E2BA9B7F900E927B4 /* MainViewController.swift in Sources */,
				CE4F73862BA9B78400E927B4 /* AppDelegate.swift in Sources */,
				CE4F73A92BA9C5D200E927B4 /* TextType.swift in Sources */,
				CE4F73AD2BA9C6A200E927B4 /* SignInModelDelegate.swift in Sources */,
				CE4F73882BA9B78400E927B4 /* SceneDelegate.swift in Sources */,
				CE4F73A72BA9C59900E927B4 /* TextValidator.swift in Sources */,
				CE4F73A42BA9BF4C00E927B4 /* SignInModel.swift in Sources */,
			);
			runOnlyForDeploymentPostprocessing = 0;
		};
/* End PBXSourcesBuildPhase section */

/* Begin PBXVariantGroup section */
		CE4F738B2BA9B78400E927B4 /* Main.storyboard */ = {
			isa = PBXVariantGroup;
			children = (
				CE4F738C2BA9B78400E927B4 /* Base */,
			);
			name = Main.storyboard;
			sourceTree = "<group>";
		};
		CE4F73902BA9B78500E927B4 /* LaunchScreen.storyboard */ = {
			isa = PBXVariantGroup;
			children = (
				CE4F73912BA9B78500E927B4 /* Base */,
			);
			name = LaunchScreen.storyboard;
			sourceTree = "<group>";
		};
/* End PBXVariantGroup section */

/* Begin XCBuildConfiguration section */
		CE4F73942BA9B78500E927B4 /* Debug */ = {
			isa = XCBuildConfiguration;
			buildSettings = {
				ALWAYS_SEARCH_USER_PATHS = NO;
				ASSETCATALOG_COMPILER_GENERATE_SWIFT_ASSET_SYMBOL_EXTENSIONS = YES;
				CLANG_ANALYZER_NONNULL = YES;
				CLANG_ANALYZER_NUMBER_OBJECT_CONVERSION = YES_AGGRESSIVE;
				CLANG_CXX_LANGUAGE_STANDARD = "gnu++20";
				CLANG_ENABLE_MODULES = YES;
				CLANG_ENABLE_OBJC_ARC = YES;
				CLANG_ENABLE_OBJC_WEAK = YES;
				CLANG_WARN_BLOCK_CAPTURE_AUTORELEASING = YES;
				CLANG_WARN_BOOL_CONVERSION = YES;
				CLANG_WARN_COMMA = YES;
				CLANG_WARN_CONSTANT_CONVERSION = YES;
				CLANG_WARN_DEPRECATED_OBJC_IMPLEMENTATIONS = YES;
				CLANG_WARN_DIRECT_OBJC_ISA_USAGE = YES_ERROR;
				CLANG_WARN_DOCUMENTATION_COMMENTS = YES;
				CLANG_WARN_EMPTY_BODY = YES;
				CLANG_WARN_ENUM_CONVERSION = YES;
				CLANG_WARN_INFINITE_RECURSION = YES;
				CLANG_WARN_INT_CONVERSION = YES;
				CLANG_WARN_NON_LITERAL_NULL_CONVERSION = YES;
				CLANG_WARN_OBJC_IMPLICIT_RETAIN_SELF = YES;
				CLANG_WARN_OBJC_LITERAL_CONVERSION = YES;
				CLANG_WARN_OBJC_ROOT_CLASS = YES_ERROR;
				CLANG_WARN_QUOTED_INCLUDE_IN_FRAMEWORK_HEADER = YES;
				CLANG_WARN_RANGE_LOOP_ANALYSIS = YES;
				CLANG_WARN_STRICT_PROTOTYPES = YES;
				CLANG_WARN_SUSPICIOUS_MOVE = YES;
				CLANG_WARN_UNGUARDED_AVAILABILITY = YES_AGGRESSIVE;
				CLANG_WARN_UNREACHABLE_CODE = YES;
				CLANG_WARN__DUPLICATE_METHOD_MATCH = YES;
				COPY_PHASE_STRIP = NO;
				DEBUG_INFORMATION_FORMAT = dwarf;
				ENABLE_STRICT_OBJC_MSGSEND = YES;
				ENABLE_TESTABILITY = YES;
				ENABLE_USER_SCRIPT_SANDBOXING = YES;
				GCC_C_LANGUAGE_STANDARD = gnu17;
				GCC_DYNAMIC_NO_PIC = NO;
				GCC_NO_COMMON_BLOCKS = YES;
				GCC_OPTIMIZATION_LEVEL = 0;
				GCC_PREPROCESSOR_DEFINITIONS = (
					"DEBUG=1",
					"$(inherited)",
				);
				GCC_WARN_64_TO_32_BIT_CONVERSION = YES;
				GCC_WARN_ABOUT_RETURN_TYPE = YES_ERROR;
				GCC_WARN_UNDECLARED_SELECTOR = YES;
				GCC_WARN_UNINITIALIZED_AUTOS = YES_AGGRESSIVE;
				GCC_WARN_UNUSED_FUNCTION = YES;
				GCC_WARN_UNUSED_VARIABLE = YES;
				IPHONEOS_DEPLOYMENT_TARGET = 17.0;
				LOCALIZATION_PREFERS_STRING_CATALOGS = YES;
				MTL_ENABLE_DEBUG_INFO = INCLUDE_SOURCE;
				MTL_FAST_MATH = YES;
				ONLY_ACTIVE_ARCH = YES;
				SDKROOT = iphoneos;
				SWIFT_ACTIVE_COMPILATION_CONDITIONS = "DEBUG $(inherited)";
				SWIFT_OPTIMIZATION_LEVEL = "-Onone";
			};
			name = Debug;
		};
		CE4F73952BA9B78500E927B4 /* Release */ = {
			isa = XCBuildConfiguration;
			buildSettings = {
				ALWAYS_SEARCH_USER_PATHS = NO;
				ASSETCATALOG_COMPILER_GENERATE_SWIFT_ASSET_SYMBOL_EXTENSIONS = YES;
				CLANG_ANALYZER_NONNULL = YES;
				CLANG_ANALYZER_NUMBER_OBJECT_CONVERSION = YES_AGGRESSIVE;
				CLANG_CXX_LANGUAGE_STANDARD = "gnu++20";
				CLANG_ENABLE_MODULES = YES;
				CLANG_ENABLE_OBJC_ARC = YES;
				CLANG_ENABLE_OBJC_WEAK = YES;
				CLANG_WARN_BLOCK_CAPTURE_AUTORELEASING = YES;
				CLANG_WARN_BOOL_CONVERSION = YES;
				CLANG_WARN_COMMA = YES;
				CLANG_WARN_CONSTANT_CONVERSION = YES;
				CLANG_WARN_DEPRECATED_OBJC_IMPLEMENTATIONS = YES;
				CLANG_WARN_DIRECT_OBJC_ISA_USAGE = YES_ERROR;
				CLANG_WARN_DOCUMENTATION_COMMENTS = YES;
				CLANG_WARN_EMPTY_BODY = YES;
				CLANG_WARN_ENUM_CONVERSION = YES;
				CLANG_WARN_INFINITE_RECURSION = YES;
				CLANG_WARN_INT_CONVERSION = YES;
				CLANG_WARN_NON_LITERAL_NULL_CONVERSION = YES;
				CLANG_WARN_OBJC_IMPLICIT_RETAIN_SELF = YES;
				CLANG_WARN_OBJC_LITERAL_CONVERSION = YES;
				CLANG_WARN_OBJC_ROOT_CLASS = YES_ERROR;
				CLANG_WARN_QUOTED_INCLUDE_IN_FRAMEWORK_HEADER = YES;
				CLANG_WARN_RANGE_LOOP_ANALYSIS = YES;
				CLANG_WARN_STRICT_PROTOTYPES = YES;
				CLANG_WARN_SUSPICIOUS_MOVE = YES;
				CLANG_WARN_UNGUARDED_AVAILABILITY = YES_AGGRESSIVE;
				CLANG_WARN_UNREACHABLE_CODE = YES;
				CLANG_WARN__DUPLICATE_METHOD_MATCH = YES;
				COPY_PHASE_STRIP = NO;
				DEBUG_INFORMATION_FORMAT = "dwarf-with-dsym";
				ENABLE_NS_ASSERTIONS = NO;
				ENABLE_STRICT_OBJC_MSGSEND = YES;
				ENABLE_USER_SCRIPT_SANDBOXING = YES;
				GCC_C_LANGUAGE_STANDARD = gnu17;
				GCC_NO_COMMON_BLOCKS = YES;
				GCC_WARN_64_TO_32_BIT_CONVERSION = YES;
				GCC_WARN_ABOUT_RETURN_TYPE = YES_ERROR;
				GCC_WARN_UNDECLARED_SELECTOR = YES;
				GCC_WARN_UNINITIALIZED_AUTOS = YES_AGGRESSIVE;
				GCC_WARN_UNUSED_FUNCTION = YES;
				GCC_WARN_UNUSED_VARIABLE = YES;
				IPHONEOS_DEPLOYMENT_TARGET = 17.0;
				LOCALIZATION_PREFERS_STRING_CATALOGS = YES;
				MTL_ENABLE_DEBUG_INFO = NO;
				MTL_FAST_MATH = YES;
				SDKROOT = iphoneos;
				SWIFT_COMPILATION_MODE = wholemodule;
				VALIDATE_PRODUCT = YES;
			};
			name = Release;
		};
		CE4F73972BA9B78500E927B4 /* Debug */ = {
			isa = XCBuildConfiguration;
			buildSettings = {
				ASSETCATALOG_COMPILER_APPICON_NAME = AppIcon;
				ASSETCATALOG_COMPILER_GLOBAL_ACCENT_COLOR_NAME = AccentColor;
				CODE_SIGN_STYLE = Automatic;
				CURRENT_PROJECT_VERSION = 1;
				DEVELOPMENT_TEAM = 73R9GZLZRC;
				GENERATE_INFOPLIST_FILE = YES;
				INFOPLIST_FILE = HomeWork9/Resource/Info.plist;
				INFOPLIST_KEY_UIApplicationSupportsIndirectInputEvents = YES;
				INFOPLIST_KEY_UILaunchStoryboardName = LaunchScreen;
				INFOPLIST_KEY_UIMainStoryboardFile = Main;
				INFOPLIST_KEY_UISupportedInterfaceOrientations_iPad = "UIInterfaceOrientationPortrait UIInterfaceOrientationPortraitUpsideDown UIInterfaceOrientationLandscapeLeft UIInterfaceOrientationLandscapeRight";
				INFOPLIST_KEY_UISupportedInterfaceOrientations_iPhone = "UIInterfaceOrientationPortrait UIInterfaceOrientationLandscapeLeft UIInterfaceOrientationLandscapeRight";
				LD_RUNPATH_SEARCH_PATHS = (
					"$(inherited)",
					"@executable_path/Frameworks",
				);
				MARKETING_VERSION = 1.0;
				PRODUCT_BUNDLE_IDENTIFIER = "Vint-Rock.HomeWork9";
				PRODUCT_NAME = "$(TARGET_NAME)";
				SUPPORTED_PLATFORMS = "iphoneos iphonesimulator";
				SUPPORTS_MACCATALYST = NO;
				SUPPORTS_MAC_DESIGNED_FOR_IPHONE_IPAD = NO;
				SWIFT_EMIT_LOC_STRINGS = YES;
				SWIFT_VERSION = 5.0;
				TARGETED_DEVICE_FAMILY = 1;
			};
			name = Debug;
		};
		CE4F73982BA9B78500E927B4 /* Release */ = {
			isa = XCBuildConfiguration;
			buildSettings = {
				ASSETCATALOG_COMPILER_APPICON_NAME = AppIcon;
				ASSETCATALOG_COMPILER_GLOBAL_ACCENT_COLOR_NAME = AccentColor;
				CODE_SIGN_STYLE = Automatic;
				CURRENT_PROJECT_VERSION = 1;
				DEVELOPMENT_TEAM = 73R9GZLZRC;
				GENERATE_INFOPLIST_FILE = YES;
				INFOPLIST_FILE = HomeWork9/Resource/Info.plist;
				INFOPLIST_KEY_UIApplicationSupportsIndirectInputEvents = YES;
				INFOPLIST_KEY_UILaunchStoryboardName = LaunchScreen;
				INFOPLIST_KEY_UIMainStoryboardFile = Main;
				INFOPLIST_KEY_UISupportedInterfaceOrientations_iPad = "UIInterfaceOrientationPortrait UIInterfaceOrientationPortraitUpsideDown UIInterfaceOrientationLandscapeLeft UIInterfaceOrientationLandscapeRight";
				INFOPLIST_KEY_UISupportedInterfaceOrientations_iPhone = "UIInterfaceOrientationPortrait UIInterfaceOrientationLandscapeLeft UIInterfaceOrientationLandscapeRight";
				LD_RUNPATH_SEARCH_PATHS = (
					"$(inherited)",
					"@executable_path/Frameworks",
				);
				MARKETING_VERSION = 1.0;
				PRODUCT_BUNDLE_IDENTIFIER = "Vint-Rock.HomeWork9";
				PRODUCT_NAME = "$(TARGET_NAME)";
				SUPPORTED_PLATFORMS = "iphoneos iphonesimulator";
				SUPPORTS_MACCATALYST = NO;
				SUPPORTS_MAC_DESIGNED_FOR_IPHONE_IPAD = NO;
				SWIFT_EMIT_LOC_STRINGS = YES;
				SWIFT_VERSION = 5.0;
				TARGETED_DEVICE_FAMILY = 1;
			};
			name = Release;
		};
/* End XCBuildConfiguration section */

/* Begin XCConfigurationList section */
		CE4F737D2BA9B78400E927B4 /* Build configuration list for PBXProject "HomeWork9" */ = {
			isa = XCConfigurationList;
			buildConfigurations = (
				CE4F73942BA9B78500E927B4 /* Debug */,
				CE4F73952BA9B78500E927B4 /* Release */,
			);
			defaultConfigurationIsVisible = 0;
			defaultConfigurationName = Release;
		};
		CE4F73962BA9B78500E927B4 /* Build configuration list for PBXNativeTarget "HomeWork9" */ = {
			isa = XCConfigurationList;
			buildConfigurations = (
				CE4F73972BA9B78500E927B4 /* Debug */,
				CE4F73982BA9B78500E927B4 /* Release */,
			);
			defaultConfigurationIsVisible = 0;
			defaultConfigurationName = Release;
		};
/* End XCConfigurationList section */
	};
	rootObject = CE4F737A2BA9B78400E927B4 /* Project object */;
}
